
Microsoft Visual Studio Solution File, Format Version 12.00
# Visual Studio Version 16
VisualStudioVersion = 16.0.30907.101
MinimumVisualStudioVersion = 10.0.40219.1
Project("{FAE04EC0-301F-11D3-BF4B-00C04F79EFBC}") = "SeriesEFilmesConsole", "SeriesEFilmesConsole\SeriesEFilmesConsole.csproj", "{C1449A51-D78B-4489-8F65-E61C3986C4CD}"
EndProject
Global
	GlobalSection(SolutionConfigurationPlatforms) = preSolution
		Debug|Any CPU = Debug|Any CPU
		Release|Any CPU = Release|Any CPU
	EndGlobalSection
	GlobalSection(ProjectConfigurationPlatforms) = postSolution
		{C1449A51-D78B-4489-8F65-E61C3986C4CD}.Debug|Any CPU.ActiveCfg = Debug|Any CPU
		{C1449A51-D78B-4489-8F65-E61C3986C4CD}.Debug|Any CPU.Build.0 = Debug|Any CPU
		{C1449A51-D78B-4489-8F65-E61C3986C4CD}.Release|Any CPU.ActiveCfg = Release|Any CPU
		{C1449A51-D78B-4489-8F65-E61C3986C4CD}.Release|Any CPU.Build.0 = Release|Any CPU
	EndGlobalSection
	GlobalSection(SolutionProperties) = preSolution
		HideSolutionNode = FALSE
	EndGlobalSection
	GlobalSection(ExtensibilityGlobals) = postSolution
		SolutionGuid = {5545B5C9-8611-48ED-9088-87A918ACE107}
	EndGlobalSection
EndGlobal
